
Microsoft Visual Studio Solution File, Format Version 12.00
# Visual Studio Version 16
VisualStudioVersion = 16.0.30330.147
MinimumVisualStudioVersion = 10.0.40219.1
Project("{FAE04EC0-301F-11D3-BF4B-00C04F79EFBC}") = "NARCover", "NARCover\NARCover.csproj", "{D8C5E535-9BA9-42B7-B843-E1D811CBBDAB}"
EndProject
Global
	GlobalSection(SolutionConfigurationPlatforms) = preSolution
		Debug|Any CPU = Debug|Any CPU
		Release|Any CPU = Release|Any CPU
	EndGlobalSection
	GlobalSection(ProjectConfigurationPlatforms) = postSolution
		{D8C5E535-9BA9-42B7-B843-E1D811CBBDAB}.Debug|Any CPU.ActiveCfg = Debug|Any CPU
		{D8C5E535-9BA9-42B7-B843-E1D811CBBDAB}.Debug|Any CPU.Build.0 = Debug|Any CPU
		{D8C5E535-9BA9-42B7-B843-E1D811CBBDAB}.Release|Any CPU.ActiveCfg = Release|Any CPU
		{D8C5E535-9BA9-42B7-B843-E1D811CBBDAB}.Release|Any CPU.Build.0 = Release|Any CPU
	EndGlobalSection
	GlobalSection(SolutionProperties) = preSolution
		HideSolutionNode = FALSE
	EndGlobalSection
	GlobalSection(ExtensibilityGlobals) = postSolution
		SolutionGuid = {E697AD7B-DCF4-4324-9036-5E94B782E967}
	EndGlobalSection
EndGlobal
